// !$*UTF8*$!
{
	archiveVersion = 1;
	classes = {
	};
	objectVersion = 46;
	objects = {

/* Begin PBXBuildFile section */
		164617AA1E8DF8B800DE5AAC /* AppDelegate.swift in Sources */ = {isa = PBXBuildFile; fileRef = 164617A91E8DF8B800DE5AAC /* AppDelegate.swift */; };
		164617AC1E8DF8B800DE5AAC /* ViewController.swift in Sources */ = {isa = PBXBuildFile; fileRef = 164617AB1E8DF8B800DE5AAC /* ViewController.swift */; };
		164617AF1E8DF8B800DE5AAC /* Main.storyboard in Resources */ = {isa = PBXBuildFile; fileRef = 164617AD1E8DF8B800DE5AAC /* Main.storyboard */; };
		164617B21E8DF8B800DE5AAC /* myHomework.xcdatamodeld in Sources */ = {isa = PBXBuildFile; fileRef = 164617B01E8DF8B800DE5AAC /* myHomework.xcdatamodeld */; };
		164617B41E8DF8B800DE5AAC /* Assets.xcassets in Resources */ = {isa = PBXBuildFile; fileRef = 164617B31E8DF8B800DE5AAC /* Assets.xcassets */; };
		164617B71E8DF8B800DE5AAC /* LaunchScreen.storyboard in Resources */ = {isa = PBXBuildFile; fileRef = 164617B51E8DF8B800DE5AAC /* LaunchScreen.storyboard */; };
		164617C31E90855300DE5AAC /* DetailViewController.swift in Sources */ = {isa = PBXBuildFile; fileRef = 164617C21E90855300DE5AAC /* DetailViewController.swift */; };
/* End PBXBuildFile section */

/* Begin PBXFileReference section */
		164617A61E8DF8B800DE5AAC /* myHomework.app */ = {isa = PBXFileReference; explicitFileType = wrapper.application; includeInIndex = 0; path = myHomework.app; sourceTree = BUILT_PRODUCTS_DIR; };
		164617A91E8DF8B800DE5AAC /* AppDelegate.swift */ = {isa = PBXFileReference; lastKnownFileType = sourcecode.swift; path = AppDelegate.swift; sourceTree = "<group>"; };
		164617AB1E8DF8B800DE5AAC /* ViewController.swift */ = {isa = PBXFileReference; lastKnownFileType = sourcecode.swift; path = ViewController.swift; sourceTree = "<group>"; };
		164617AE1E8DF8B800DE5AAC /* Base */ = {isa = PBXFileReference; lastKnownFileType = file.storyboard; name = Base; path = Base.lproj/Main.storyboard; sourceTree = "<group>"; };
		164617B11E8DF8B800DE5AAC /* myHomework.xcdatamodel */ = {isa = PBXFileReference; lastKnownFileType = wrapper.xcdatamodel; path = myHomework.xcdatamodel; sourceTree = "<group>"; };
		164617B31E8DF8B800DE5AAC /* Assets.xcassets */ = {isa = PBXFileReference; lastKnownFileType = folder.assetcatalog; path = Assets.xcassets; sourceTree = "<group>"; };
		164617B61E8DF8B800DE5AAC /* Base */ = {isa = PBXFileReference; lastKnownFileType = file.storyboard; name = Base; path = Base.lproj/LaunchScreen.storyboard; sourceTree = "<group>"; };
		164617B81E8DF8B800DE5AAC /* Info.plist */ = {isa = PBXFileReference; lastKnownFileType = text.plist.xml; path = Info.plist; sourceTree = "<group>"; };
		164617C21E90855300DE5AAC /* DetailViewController.swift */ = {isa = PBXFileReference; fileEncoding = 4; lastKnownFileType = sourcecode.swift; path = DetailViewController.swift; sourceTree = "<group>"; };
/* End PBXFileReference section */

/* Begin PBXFrameworksBuildPhase section */
		164617A31E8DF8B800DE5AAC /* Frameworks */ = {
			isa = PBXFrameworksBuildPhase;
			buildActionMask = 2147483647;
			files = (
			);
			runOnlyForDeploymentPostprocessing = 0;
		};
/* End PBXFrameworksBuildPhase section */

/* Begin PBXGroup section */
		1646179D1E8DF8B800DE5AAC = {
			isa = PBXGroup;
			children = (
				164617A81E8DF8B800DE5AAC /* myHomework */,
				164617A71E8DF8B800DE5AAC /* Products */,
			);
			sourceTree = "<group>";
		};
		164617A71E8DF8B800DE5AAC /* Products */ = {
			isa = PBXGroup;
			children = (
				164617A61E8DF8B800DE5AAC /* myHomework.app */,
			);
			name = Products;
			sourceTree = "<group>";
		};
		164617A81E8DF8B800DE5AAC /* myHomework */ = {
			isa = PBXGroup;
			children = (
				164617A91E8DF8B800DE5AAC /* AppDelegate.swift */,
				164617AB1E8DF8B800DE5AAC /* ViewController.swift */,
				164617C21E90855300DE5AAC /* DetailViewController.swift */,
				164617AD1E8DF8B800DE5AAC /* Main.storyboard */,
				164617B31E8DF8B800DE5AAC /* Assets.xcassets */,
				164617B51E8DF8B800DE5AAC /* LaunchScreen.storyboard */,
				164617B81E8DF8B800DE5AAC /* Info.plist */,
				164617B01E8DF8B800DE5AAC /* myHomework.xcdatamodeld */,
			);
			path = myHomework;
			sourceTree = "<group>";
		};
/* End PBXGroup section */

/* Begin PBXNativeTarget section */
		164617A51E8DF8B800DE5AAC /* myHomework */ = {
			isa = PBXNativeTarget;
			buildConfigurationList = 164617BB1E8DF8B800DE5AAC /* Build configuration list for PBXNativeTarget "myHomework" */;
			buildPhases = (
				164617A21E8DF8B800DE5AAC /* Sources */,
				164617A31E8DF8B800DE5AAC /* Frameworks */,
				164617A41E8DF8B800DE5AAC /* Resources */,
			);
			buildRules = (
			);
			dependencies = (
			);
			name = myHomework;
			productName = myHomework;
			productReference = 164617A61E8DF8B800DE5AAC /* myHomework.app */;
			productType = "com.apple.product-type.application";
		};
/* End PBXNativeTarget section */

/* Begin PBXProject section */
		1646179E1E8DF8B800DE5AAC /* Project object */ = {
			isa = PBXProject;
			attributes = {
				LastSwiftUpdateCheck = 0820;
				LastUpgradeCheck = 0820;
				ORGANIZATIONNAME = "Srini Motheram";
				TargetAttributes = {
					164617A51E8DF8B800DE5AAC = {
						CreatedOnToolsVersion = 8.2.1;
						DevelopmentTeam = T3F49YZ2FH;
						ProvisioningStyle = Automatic;
					};
				};
			};
			buildConfigurationList = 164617A11E8DF8B800DE5AAC /* Build configuration list for PBXProject "myHomework" */;
			compatibilityVersion = "Xcode 3.2";
			developmentRegion = English;
			hasScannedForEncodings = 0;
			knownRegions = (
				en,
				Base,
			);
			mainGroup = 1646179D1E8DF8B800DE5AAC;
			productRefGroup = 164617A71E8DF8B800DE5AAC /* Products */;
			projectDirPath = "";
			projectRoot = "";
			targets = (
				164617A51E8DF8B800DE5AAC /* myHomework */,
			);
		};
/* End PBXProject section */

/* Begin PBXResourcesBuildPhase section */
		164617A41E8DF8B800DE5AAC /* Resources */ = {
			isa = PBXResourcesBuildPhase;
			buildActionMask = 2147483647;
			files = (
				164617B71E8DF8B800DE5AAC /* LaunchScreen.storyboard in Resources */,
				164617B41E8DF8B800DE5AAC /* Assets.xcassets in Resources */,
				164617AF1E8DF8B800DE5AAC /* Main.storyboard in Resources */,
			);
			runOnlyForDeploymentPostprocessing = 0;
		};
/* End PBXResourcesBuildPhase section */

/* Begin PBXSourcesBuildPhase section */
		164617A21E8DF8B800DE5AAC /* Sources */ = {
			isa = PBXSourcesBuildPhase;
			buildActionMask = 2147483647;
			files = (
				164617AC1E8DF8B800DE5AAC /* ViewController.swift in Sources */,
				164617AA1E8DF8B800DE5AAC /* AppDelegate.swift in Sources */,
				164617B21E8DF8B800DE5AAC /* myHomework.xcdatamodeld in Sources */,
				164617C31E90855300DE5AAC /* DetailViewController.swift in Sources */,
			);
			runOnlyForDeploymentPostprocessing = 0;
		};
/* End PBXSourcesBuildPhase section */

/* Begin PBXVariantGroup section */
		164617AD1E8DF8B800DE5AAC /* Main.storyboard */ = {
			isa = PBXVariantGroup;
			children = (
				164617AE1E8DF8B800DE5AAC /* Base */,
			);
			name = Main.storyboard;
			sourceTree = "<group>";
		};
		164617B51E8DF8B800DE5AAC /* LaunchScreen.storyboard */ = {
			isa = PBXVariantGroup;
			children = (
				164617B61E8DF8B800DE5AAC /* Base */,
			);
			name = LaunchScreen.storyboard;
			sourceTree = "<group>";
		};
/* End PBXVariantGroup section */

/* Begin XCBuildConfiguration section */
		164617B91E8DF8B800DE5AAC /* Debug */ = {
			isa = XCBuildConfiguration;
			buildSettings = {
				ALWAYS_SEARCH_USER_PATHS = NO;
				CLANG_ANALYZER_NONNULL = YES;
				CLANG_CXX_LANGUAGE_STANDARD = "gnu++0x";
				CLANG_CXX_LIBRARY = "libc++";
				CLANG_ENABLE_MODULES = YES;
				CLANG_ENABLE_OBJC_ARC = YES;
				CLANG_WARN_BOOL_CONVERSION = YES;
				CLANG_WARN_CONSTANT_CONVERSION = YES;
				CLANG_WARN_DIRECT_OBJC_ISA_USAGE = YES_ERROR;
				CLANG_WARN_DOCUMENTATION_COMMENTS = YES;
				CLANG_WARN_EMPTY_BODY = YES;
				CLANG_WARN_ENUM_CONVERSION = YES;
				CLANG_WARN_INFINITE_RECURSION = YES;
				CLANG_WARN_INT_CONVERSION = YES;
				CLANG_WARN_OBJC_ROOT_CLASS = YES_ERROR;
				CLANG_WARN_SUSPICIOUS_MOVE = YES;
				CLANG_WARN_UNREACHABLE_CODE = YES;
				CLANG_WARN__DUPLICATE_METHOD_MATCH = YES;
				"CODE_SIGN_IDENTITY[sdk=iphoneos*]" = "iPhone Developer";
				COPY_PHASE_STRIP = NO;
				DEBUG_INFORMATION_FORMAT = dwarf;
				ENABLE_STRICT_OBJC_MSGSEND = YES;
				ENABLE_TESTABILITY = YES;
				GCC_C_LANGUAGE_STANDARD = gnu99;
				GCC_DYNAMIC_NO_PIC = NO;
				GCC_NO_COMMON_BLOCKS = YES;
				GCC_OPTIMIZATION_LEVEL = 0;
				GCC_PREPROCESSOR_DEFINITIONS = (
					"DEBUG=1",
					"$(inherited)",
				);
				GCC_WARN_64_TO_32_BIT_CONVERSION = YES;
				GCC_WARN_ABOUT_RETURN_TYPE = YES_ERROR;
				GCC_WARN_UNDECLARED_SELECTOR = YES;
				GCC_WARN_UNINITIALIZED_AUTOS = YES_AGGRESSIVE;
				GCC_WARN_UNUSED_FUNCTION = YES;
				GCC_WARN_UNUSED_VARIABLE = YES;
				IPHONEOS_DEPLOYMENT_TARGET = 10.2;
				MTL_ENABLE_DEBUG_INFO = YES;
				ONLY_ACTIVE_ARCH = YES;
				SDKROOT = iphoneos;
				SWIFT_ACTIVE_COMPILATION_CONDITIONS = DEBUG;
				SWIFT_OPTIMIZATION_LEVEL = "-Onone";
				TARGETED_DEVICE_FAMILY = "1,2";
			};
			name = Debug;
		};
		164617BA1E8DF8B800DE5AAC /* Release */ = {
			isa = XCBuildConfiguration;
			buildSettings = {
				ALWAYS_SEARCH_USER_PATHS = NO;
				CLANG_ANALYZER_NONNULL = YES;
				CLANG_CXX_LANGUAGE_STANDARD = "gnu++0x";
				CLANG_CXX_LIBRARY = "libc++";
				CLANG_ENABLE_MODULES = YES;
				CLANG_ENABLE_OBJC_ARC = YES;
				CLANG_WARN_BOOL_CONVERSION = YES;
				CLANG_WARN_CONSTANT_CONVERSION = YES;
				CLANG_WARN_DIRECT_OBJC_ISA_USAGE = YES_ERROR;
				CLANG_WARN_DOCUMENTATION_COMMENTS = YES;
				CLANG_WARN_EMPTY_BODY = YES;
				CLANG_WARN_ENUM_CONVERSION = YES;
				CLANG_WARN_INFINITE_RECURSION = YES;
				CLANG_WARN_INT_CONVERSION = YES;
				CLANG_WARN_OBJC_ROOT_CLASS = YES_ERROR;
				CLANG_WARN_SUSPICIOUS_MOVE = YES;
				CLANG_WARN_UNREACHABLE_CODE = YES;
				CLANG_WARN__DUPLICATE_METHOD_MATCH = YES;
				"CODE_SIGN_IDENTITY[sdk=iphoneos*]" = "iPhone Developer";
				COPY_PHASE_STRIP = NO;
				DEBUG_INFORMATION_FORMAT = "dwarf-with-dsym";
				ENABLE_NS_ASSERTIONS = NO;
				ENABLE_STRICT_OBJC_MSGSEND = YES;
				GCC_C_LANGUAGE_STANDARD = gnu99;
				GCC_NO_COMMON_BLOCKS = YES;
				GCC_WARN_64_TO_32_BIT_CONVERSION = YES;
				GCC_WARN_ABOUT_RETURN_TYPE = YES_ERROR;
				GCC_WARN_UNDECLARED_SELECTOR = YES;
				GCC_WARN_UNINITIALIZED_AUTOS = YES_AGGRESSIVE;
				GCC_WARN_UNUSED_FUNCTION = YES;
				GCC_WARN_UNUSED_VARIABLE = YES;
				IPHONEOS_DEPLOYMENT_TARGET = 10.2;
				MTL_ENABLE_DEBUG_INFO = NO;
				SDKROOT = iphoneos;
				SWIFT_OPTIMIZATION_LEVEL = "-Owholemodule";
				TARGETED_DEVICE_FAMILY = "1,2";
				VALIDATE_PRODUCT = YES;
			};
			name = Release;
		};
		164617BC1E8DF8B800DE5AAC /* Debug */ = {
			isa = XCBuildConfiguration;
			buildSettings = {
				ASSETCATALOG_COMPILER_APPICON_NAME = AppIcon;
				DEVELOPMENT_TEAM = T3F49YZ2FH;
				INFOPLIST_FILE = myHomework/Info.plist;
				LD_RUNPATH_SEARCH_PATHS = "$(inherited) @executable_path/Frameworks";
				PRODUCT_BUNDLE_IDENTIFIER = wcc.myHomework;
				PRODUCT_NAME = "$(TARGET_NAME)";
				SWIFT_VERSION = 3.0;
			};
			name = Debug;
		};
		164617BD1E8DF8B800DE5AAC /* Release */ = {
			isa = XCBuildConfiguration;
			buildSettings = {
				ASSETCATALOG_COMPILER_APPICON_NAME = AppIcon;
				DEVELOPMENT_TEAM = T3F49YZ2FH;
				INFOPLIST_FILE = myHomework/Info.plist;
				LD_RUNPATH_SEARCH_PATHS = "$(inherited) @executable_path/Frameworks";
				PRODUCT_BUNDLE_IDENTIFIER = wcc.myHomework;
				PRODUCT_NAME = "$(TARGET_NAME)";
				SWIFT_VERSION = 3.0;
			};
			name = Release;
		};
/* End XCBuildConfiguration section */

/* Begin XCConfigurationList section */
		164617A11E8DF8B800DE5AAC /* Build configuration list for PBXProject "myHomework" */ = {
			isa = XCConfigurationList;
			buildConfigurations = (
				164617B91E8DF8B800DE5AAC /* Debug */,
				164617BA1E8DF8B800DE5AAC /* Release */,
			);
			defaultConfigurationIsVisible = 0;
			defaultConfigurationName = Release;
		};
		164617BB1E8DF8B800DE5AAC /* Build configuration list for PBXNativeTarget "myHomework" */ = {
			isa = XCConfigurationList;
			buildConfigurations = (
				164617BC1E8DF8B800DE5AAC /* Debug */,
				164617BD1E8DF8B800DE5AAC /* Release */,
			);
			defaultConfigurationIsVisible = 0;
		};
/* End XCConfigurationList section */

/* Begin XCVersionGroup section */
		164617B01E8DF8B800DE5AAC /* myHomework.xcdatamodeld */ = {
			isa = XCVersionGroup;
			children = (
				164617B11E8DF8B800DE5AAC /* myHomework.xcdatamodel */,
			);
			currentVersion = 164617B11E8DF8B800DE5AAC /* myHomework.xcdatamodel */;
			path = myHomework.xcdatamodeld;
			sourceTree = "<group>";
			versionGroupType = wrapper.xcdatamodel;
		};
/* End XCVersionGroup section */
	};
	rootObject = 1646179E1E8DF8B800DE5AAC /* Project object */;
}
